// !$*UTF8*$!
{
	archiveVersion = 1;
	classes = {
	};
	objectVersion = 56;
	objects = {

/* Begin PBXBuildFile section */
		0A41206F290CABF700DC0920 /* TaskManagerApp.swift in Sources */ = {isa = PBXBuildFile; fileRef = 0A41206E290CABF700DC0920 /* TaskManagerApp.swift */; };
		0A412071290CABF700DC0920 /* ContentView.swift in Sources */ = {isa = PBXBuildFile; fileRef = 0A412070290CABF700DC0920 /* ContentView.swift */; };
		0A412073290CABF900DC0920 /* Assets.xcassets in Resources */ = {isa = PBXBuildFile; fileRef = 0A412072290CABF900DC0920 /* Assets.xcassets */; };
		0A412076290CABF900DC0920 /* Preview Assets.xcassets in Resources */ = {isa = PBXBuildFile; fileRef = 0A412075290CABF900DC0920 /* Preview Assets.xcassets */; };
		0A412080290CABF900DC0920 /* TaskManagerTests.swift in Sources */ = {isa = PBXBuildFile; fileRef = 0A41207F290CABF900DC0920 /* TaskManagerTests.swift */; };
		0A41208A290CABF900DC0920 /* TaskManagerUITests.swift in Sources */ = {isa = PBXBuildFile; fileRef = 0A412089290CABF900DC0920 /* TaskManagerUITests.swift */; };
		0A41208C290CABF900DC0920 /* TaskManagerUITestsLaunchTests.swift in Sources */ = {isa = PBXBuildFile; fileRef = 0A41208B290CABF900DC0920 /* TaskManagerUITestsLaunchTests.swift */; };
		0A41209F290CACC200DC0920 /* ContentView.swift in Sources */ = {isa = PBXBuildFile; fileRef = 0A41209D290CACC200DC0920 /* ContentView.swift */; };
		0A4120A0290CACC200DC0920 /* ListRowView.swift in Sources */ = {isa = PBXBuildFile; fileRef = 0A41209E290CACC200DC0920 /* ListRowView.swift */; };
		0A4120A5290CAD3900DC0920 /* Task.swift in Sources */ = {isa = PBXBuildFile; fileRef = 0A4120A4290CAD3900DC0920 /* Task.swift */; };
		0A4120A9290CAD5C00DC0920 /* Helpers.swift in Sources */ = {isa = PBXBuildFile; fileRef = 0A4120A7290CAD5C00DC0920 /* Helpers.swift */; };
		0A4120AA290CAD5C00DC0920 /* Extensions.swift in Sources */ = {isa = PBXBuildFile; fileRef = 0A4120A8290CAD5C00DC0920 /* Extensions.swift */; };
/* End PBXBuildFile section */

/* Begin PBXContainerItemProxy section */
		0A41207C290CABF900DC0920 /* PBXContainerItemProxy */ = {
			isa = PBXContainerItemProxy;
			containerPortal = 0A412063290CABF700DC0920 /* Project object */;
			proxyType = 1;
			remoteGlobalIDString = 0A41206A290CABF700DC0920;
			remoteInfo = TaskManager;
		};
		0A412086290CABF900DC0920 /* PBXContainerItemProxy */ = {
			isa = PBXContainerItemProxy;
			containerPortal = 0A412063290CABF700DC0920 /* Project object */;
			proxyType = 1;
			remoteGlobalIDString = 0A41206A290CABF700DC0920;
			remoteInfo = TaskManager;
		};
/* End PBXContainerItemProxy section */

/* Begin PBXFileReference section */
		0A41206B290CABF700DC0920 /* TaskManager.app */ = {isa = PBXFileReference; explicitFileType = wrapper.application; includeInIndex = 0; path = TaskManager.app; sourceTree = BUILT_PRODUCTS_DIR; };
		0A41206E290CABF700DC0920 /* TaskManagerApp.swift */ = {isa = PBXFileReference; lastKnownFileType = sourcecode.swift; path = TaskManagerApp.swift; sourceTree = "<group>"; };
		0A412070290CABF700DC0920 /* ContentView.swift */ = {isa = PBXFileReference; lastKnownFileType = sourcecode.swift; path = ContentView.swift; sourceTree = "<group>"; };
		0A412072290CABF900DC0920 /* Assets.xcassets */ = {isa = PBXFileReference; lastKnownFileType = folder.assetcatalog; path = Assets.xcassets; sourceTree = "<group>"; };
		0A412075290CABF900DC0920 /* Preview Assets.xcassets */ = {isa = PBXFileReference; lastKnownFileType = folder.assetcatalog; path = "Preview Assets.xcassets"; sourceTree = "<group>"; };
		0A41207B290CABF900DC0920 /* TaskManagerTests.xctest */ = {isa = PBXFileReference; explicitFileType = wrapper.cfbundle; includeInIndex = 0; path = TaskManagerTests.xctest; sourceTree = BUILT_PRODUCTS_DIR; };
		0A41207F290CABF900DC0920 /* TaskManagerTests.swift */ = {isa = PBXFileReference; lastKnownFileType = sourcecode.swift; path = TaskManagerTests.swift; sourceTree = "<group>"; };
		0A412085290CABF900DC0920 /* TaskManagerUITests.xctest */ = {isa = PBXFileReference; explicitFileType = wrapper.cfbundle; includeInIndex = 0; path = TaskManagerUITests.xctest; sourceTree = BUILT_PRODUCTS_DIR; };
		0A412089290CABF900DC0920 /* TaskManagerUITests.swift */ = {isa = PBXFileReference; lastKnownFileType = sourcecode.swift; path = TaskManagerUITests.swift; sourceTree = "<group>"; };
		0A41208B290CABF900DC0920 /* TaskManagerUITestsLaunchTests.swift */ = {isa = PBXFileReference; lastKnownFileType = sourcecode.swift; path = TaskManagerUITestsLaunchTests.swift; sourceTree = "<group>"; };
		0A41209D290CACC200DC0920 /* ContentView.swift */ = {isa = PBXFileReference; fileEncoding = 4; lastKnownFileType = sourcecode.swift; path = ContentView.swift; sourceTree = "<group>"; };
		0A41209E290CACC200DC0920 /* ListRowView.swift */ = {isa = PBXFileReference; fileEncoding = 4; lastKnownFileType = sourcecode.swift; path = ListRowView.swift; sourceTree = "<group>"; };
		0A4120A4290CAD3900DC0920 /* Task.swift */ = {isa = PBXFileReference; fileEncoding = 4; lastKnownFileType = sourcecode.swift; path = Task.swift; sourceTree = "<group>"; };
		0A4120A7290CAD5C00DC0920 /* Helpers.swift */ = {isa = PBXFileReference; fileEncoding = 4; lastKnownFileType = sourcecode.swift; path = Helpers.swift; sourceTree = "<group>"; };
		0A4120A8290CAD5C00DC0920 /* Extensions.swift */ = {isa = PBXFileReference; fileEncoding = 4; lastKnownFileType = sourcecode.swift; path = Extensions.swift; sourceTree = "<group>"; };
/* End PBXFileReference section */

/* Begin PBXFrameworksBuildPhase section */
		0A412068290CABF700DC0920 /* Frameworks */ = {
			isa = PBXFrameworksBuildPhase;
			buildActionMask = 2147483647;
			files = (
			);
			runOnlyForDeploymentPostprocessing = 0;
		};
		0A412078290CABF900DC0920 /* Frameworks */ = {
			isa = PBXFrameworksBuildPhase;
			buildActionMask = 2147483647;
			files = (
			);
			runOnlyForDeploymentPostprocessing = 0;
		};
		0A412082290CABF900DC0920 /* Frameworks */ = {
			isa = PBXFrameworksBuildPhase;
			buildActionMask = 2147483647;
			files = (
			);
			runOnlyForDeploymentPostprocessing = 0;
		};
/* End PBXFrameworksBuildPhase section */

/* Begin PBXGroup section */
		0A412062290CABF700DC0920 = {
			isa = PBXGroup;
			children = (
				0A41206D290CABF700DC0920 /* TaskManager */,
				0A41207E290CABF900DC0920 /* TaskManagerTests */,
				0A412088290CABF900DC0920 /* TaskManagerUITests */,
				0A41206C290CABF700DC0920 /* Products */,
			);
			sourceTree = "<group>";
		};
		0A41206C290CABF700DC0920 /* Products */ = {
			isa = PBXGroup;
			children = (
				0A41206B290CABF700DC0920 /* TaskManager.app */,
				0A41207B290CABF900DC0920 /* TaskManagerTests.xctest */,
				0A412085290CABF900DC0920 /* TaskManagerUITests.xctest */,
			);
			name = Products;
			sourceTree = "<group>";
		};
		0A41206D290CABF700DC0920 /* TaskManager */ = {
			isa = PBXGroup;
			children = (
				0A4120A6290CAD4800DC0920 /* Helpers */,
				0A4120A3290CAD1300DC0920 /* Models */,
				0A412098290CAC2600DC0920 /* Views */,
				0A41206E290CABF700DC0920 /* TaskManagerApp.swift */,
				0A412072290CABF900DC0920 /* Assets.xcassets */,
				0A412074290CABF900DC0920 /* Preview Content */,
			);
			path = TaskManager;
			sourceTree = "<group>";
		};
		0A412074290CABF900DC0920 /* Preview Content */ = {
			isa = PBXGroup;
			children = (
				0A412075290CABF900DC0920 /* Preview Assets.xcassets */,
			);
			path = "Preview Content";
			sourceTree = "<group>";
		};
		0A41207E290CABF900DC0920 /* TaskManagerTests */ = {
			isa = PBXGroup;
			children = (
				0A41207F290CABF900DC0920 /* TaskManagerTests.swift */,
			);
			path = TaskManagerTests;
			sourceTree = "<group>";
		};
		0A412088290CABF900DC0920 /* TaskManagerUITests */ = {
			isa = PBXGroup;
			children = (
				0A412089290CABF900DC0920 /* TaskManagerUITests.swift */,
				0A41208B290CABF900DC0920 /* TaskManagerUITestsLaunchTests.swift */,
			);
			path = TaskManagerUITests;
			sourceTree = "<group>";
		};
		0A412098290CAC2600DC0920 /* Views */ = {
			isa = PBXGroup;
			children = (
				0A41209D290CACC200DC0920 /* ContentView.swift */,
				0A41209E290CACC200DC0920 /* ListRowView.swift */,
				0A412070290CABF700DC0920 /* ContentView.swift */,
			);
			path = Views;
			sourceTree = "<group>";
		};
		0A4120A3290CAD1300DC0920 /* Models */ = {
			isa = PBXGroup;
			children = (
				0A4120A4290CAD3900DC0920 /* Task.swift */,
			);
			path = Models;
			sourceTree = "<group>";
		};
		0A4120A6290CAD4800DC0920 /* Helpers */ = {
			isa = PBXGroup;
			children = (
				0A4120A8290CAD5C00DC0920 /* Extensions.swift */,
				0A4120A7290CAD5C00DC0920 /* Helpers.swift */,
			);
			path = Helpers;
			sourceTree = "<group>";
		};
/* End PBXGroup section */

/* Begin PBXNativeTarget section */
		0A41206A290CABF700DC0920 /* TaskManager */ = {
			isa = PBXNativeTarget;
			buildConfigurationList = 0A41208F290CABF900DC0920 /* Build configuration list for PBXNativeTarget "TaskManager" */;
			buildPhases = (
				0A412067290CABF700DC0920 /* Sources */,
				0A412068290CABF700DC0920 /* Frameworks */,
				0A412069290CABF700DC0920 /* Resources */,
			);
			buildRules = (
			);
			dependencies = (
			);
			name = TaskManager;
			productName = TaskManager;
			productReference = 0A41206B290CABF700DC0920 /* TaskManager.app */;
			productType = "com.apple.product-type.application";
		};
		0A41207A290CABF900DC0920 /* TaskManagerTests */ = {
			isa = PBXNativeTarget;
			buildConfigurationList = 0A412092290CABF900DC0920 /* Build configuration list for PBXNativeTarget "TaskManagerTests" */;
			buildPhases = (
				0A412077290CABF900DC0920 /* Sources */,
				0A412078290CABF900DC0920 /* Frameworks */,
				0A412079290CABF900DC0920 /* Resources */,
			);
			buildRules = (
			);
			dependencies = (
				0A41207D290CABF900DC0920 /* PBXTargetDependency */,
			);
			name = TaskManagerTests;
			productName = TaskManagerTests;
			productReference = 0A41207B290CABF900DC0920 /* TaskManagerTests.xctest */;
			productType = "com.apple.product-type.bundle.unit-test";
		};
		0A412084290CABF900DC0920 /* TaskManagerUITests */ = {
			isa = PBXNativeTarget;
			buildConfigurationList = 0A412095290CABF900DC0920 /* Build configuration list for PBXNativeTarget "TaskManagerUITests" */;
			buildPhases = (
				0A412081290CABF900DC0920 /* Sources */,
				0A412082290CABF900DC0920 /* Frameworks */,
				0A412083290CABF900DC0920 /* Resources */,
			);
			buildRules = (
			);
			dependencies = (
				0A412087290CABF900DC0920 /* PBXTargetDependency */,
			);
			name = TaskManagerUITests;
			productName = TaskManagerUITests;
			productReference = 0A412085290CABF900DC0920 /* TaskManagerUITests.xctest */;
			productType = "com.apple.product-type.bundle.ui-testing";
		};
/* End PBXNativeTarget section */

/* Begin PBXProject section */
		0A412063290CABF700DC0920 /* Project object */ = {
			isa = PBXProject;
			attributes = {
				BuildIndependentTargetsInParallel = 1;
				LastSwiftUpdateCheck = 1400;
				LastUpgradeCheck = 1400;
				TargetAttributes = {
					0A41206A290CABF700DC0920 = {
						CreatedOnToolsVersion = 14.0.1;
					};
					0A41207A290CABF900DC0920 = {
						CreatedOnToolsVersion = 14.0.1;
						TestTargetID = 0A41206A290CABF700DC0920;
					};
					0A412084290CABF900DC0920 = {
						CreatedOnToolsVersion = 14.0.1;
						TestTargetID = 0A41206A290CABF700DC0920;
					};
				};
			};
			buildConfigurationList = 0A412066290CABF700DC0920 /* Build configuration list for PBXProject "TaskManager" */;
			compatibilityVersion = "Xcode 14.0";
			developmentRegion = en;
			hasScannedForEncodings = 0;
			knownRegions = (
				en,
				Base,
			);
			mainGroup = 0A412062290CABF700DC0920;
			productRefGroup = 0A41206C290CABF700DC0920 /* Products */;
			projectDirPath = "";
			projectRoot = "";
			targets = (
				0A41206A290CABF700DC0920 /* TaskManager */,
				0A41207A290CABF900DC0920 /* TaskManagerTests */,
				0A412084290CABF900DC0920 /* TaskManagerUITests */,
			);
		};
/* End PBXProject section */

/* Begin PBXResourcesBuildPhase section */
		0A412069290CABF700DC0920 /* Resources */ = {
			isa = PBXResourcesBuildPhase;
			buildActionMask = 2147483647;
			files = (
				0A412076290CABF900DC0920 /* Preview Assets.xcassets in Resources */,
				0A412073290CABF900DC0920 /* Assets.xcassets in Resources */,
			);
			runOnlyForDeploymentPostprocessing = 0;
		};
		0A412079290CABF900DC0920 /* Resources */ = {
			isa = PBXResourcesBuildPhase;
			buildActionMask = 2147483647;
			files = (
			);
			runOnlyForDeploymentPostprocessing = 0;
		};
		0A412083290CABF900DC0920 /* Resources */ = {
			isa = PBXResourcesBuildPhase;
			buildActionMask = 2147483647;
			files = (
			);
			runOnlyForDeploymentPostprocessing = 0;
		};
/* End PBXResourcesBuildPhase section */

/* Begin PBXSourcesBuildPhase section */
		0A412067290CABF700DC0920 /* Sources */ = {
			isa = PBXSourcesBuildPhase;
			buildActionMask = 2147483647;
			files = (
				0A412071290CABF700DC0920 /* ContentView.swift in Sources */,
				0A4120A9290CAD5C00DC0920 /* Helpers.swift in Sources */,
				0A41206F290CABF700DC0920 /* TaskManagerApp.swift in Sources */,
				0A4120A5290CAD3900DC0920 /* Task.swift in Sources */,
				0A41209F290CACC200DC0920 /* ContentView.swift in Sources */,
				0A4120A0290CACC200DC0920 /* ListRowView.swift in Sources */,
				0A4120AA290CAD5C00DC0920 /* Extensions.swift in Sources */,
			);
			runOnlyForDeploymentPostprocessing = 0;
		};
		0A412077290CABF900DC0920 /* Sources */ = {
			isa = PBXSourcesBuildPhase;
			buildActionMask = 2147483647;
			files = (
				0A412080290CABF900DC0920 /* TaskManagerTests.swift in Sources */,
			);
			runOnlyForDeploymentPostprocessing = 0;
		};
		0A412081290CABF900DC0920 /* Sources */ = {
			isa = PBXSourcesBuildPhase;
			buildActionMask = 2147483647;
			files = (
				0A41208A290CABF900DC0920 /* TaskManagerUITests.swift in Sources */,
				0A41208C290CABF900DC0920 /* TaskManagerUITestsLaunchTests.swift in Sources */,
			);
			runOnlyForDeploymentPostprocessing = 0;
		};
/* End PBXSourcesBuildPhase section */

/* Begin PBXTargetDependency section */
		0A41207D290CABF900DC0920 /* PBXTargetDependency */ = {
			isa = PBXTargetDependency;
			target = 0A41206A290CABF700DC0920 /* TaskManager */;
			targetProxy = 0A41207C290CABF900DC0920 /* PBXContainerItemProxy */;
		};
		0A412087290CABF900DC0920 /* PBXTargetDependency */ = {
			isa = PBXTargetDependency;
			target = 0A41206A290CABF700DC0920 /* TaskManager */;
			targetProxy = 0A412086290CABF900DC0920 /* PBXContainerItemProxy */;
		};
/* End PBXTargetDependency section */

/* Begin XCBuildConfiguration section */
		0A41208D290CABF900DC0920 /* Debug */ = {
			isa = XCBuildConfiguration;
			buildSettings = {
				ALWAYS_SEARCH_USER_PATHS = NO;
				CLANG_ANALYZER_NONNULL = YES;
				CLANG_ANALYZER_NUMBER_OBJECT_CONVERSION = YES_AGGRESSIVE;
				CLANG_CXX_LANGUAGE_STANDARD = "gnu++20";
				CLANG_ENABLE_MODULES = YES;
				CLANG_ENABLE_OBJC_ARC = YES;
				CLANG_ENABLE_OBJC_WEAK = YES;
				CLANG_WARN_BLOCK_CAPTURE_AUTORELEASING = YES;
				CLANG_WARN_BOOL_CONVERSION = YES;
				CLANG_WARN_COMMA = YES;
				CLANG_WARN_CONSTANT_CONVERSION = YES;
				CLANG_WARN_DEPRECATED_OBJC_IMPLEMENTATIONS = YES;
				CLANG_WARN_DIRECT_OBJC_ISA_USAGE = YES_ERROR;
				CLANG_WARN_DOCUMENTATION_COMMENTS = YES;
				CLANG_WARN_EMPTY_BODY = YES;
				CLANG_WARN_ENUM_CONVERSION = YES;
				CLANG_WARN_INFINITE_RECURSION = YES;
				CLANG_WARN_INT_CONVERSION = YES;
				CLANG_WARN_NON_LITERAL_NULL_CONVERSION = YES;
				CLANG_WARN_OBJC_IMPLICIT_RETAIN_SELF = YES;
				CLANG_WARN_OBJC_LITERAL_CONVERSION = YES;
				CLANG_WARN_OBJC_ROOT_CLASS = YES_ERROR;
				CLANG_WARN_QUOTED_INCLUDE_IN_FRAMEWORK_HEADER = YES;
				CLANG_WARN_RANGE_LOOP_ANALYSIS = YES;
				CLANG_WARN_STRICT_PROTOTYPES = YES;
				CLANG_WARN_SUSPICIOUS_MOVE = YES;
				CLANG_WARN_UNGUARDED_AVAILABILITY = YES_AGGRESSIVE;
				CLANG_WARN_UNREACHABLE_CODE = YES;
				CLANG_WARN__DUPLICATE_METHOD_MATCH = YES;
				COPY_PHASE_STRIP = NO;
				DEBUG_INFORMATION_FORMAT = dwarf;
				ENABLE_STRICT_OBJC_MSGSEND = YES;
				ENABLE_TESTABILITY = YES;
				GCC_C_LANGUAGE_STANDARD = gnu11;
				GCC_DYNAMIC_NO_PIC = NO;
				GCC_NO_COMMON_BLOCKS = YES;
				GCC_OPTIMIZATION_LEVEL = 0;
				GCC_PREPROCESSOR_DEFINITIONS = (
					"DEBUG=1",
					"$(inherited)",
				);
				GCC_WARN_64_TO_32_BIT_CONVERSION = YES;
				GCC_WARN_ABOUT_RETURN_TYPE = YES_ERROR;
				GCC_WARN_UNDECLARED_SELECTOR = YES;
				GCC_WARN_UNINITIALIZED_AUTOS = YES_AGGRESSIVE;
				GCC_WARN_UNUSED_FUNCTION = YES;
				GCC_WARN_UNUSED_VARIABLE = YES;
				IPHONEOS_DEPLOYMENT_TARGET = 16.0;
				MTL_ENABLE_DEBUG_INFO = INCLUDE_SOURCE;
				MTL_FAST_MATH = YES;
				ONLY_ACTIVE_ARCH = YES;
				SDKROOT = iphoneos;
				SWIFT_ACTIVE_COMPILATION_CONDITIONS = DEBUG;
				SWIFT_OPTIMIZATION_LEVEL = "-Onone";
			};
			name = Debug;
		};
		0A41208E290CABF900DC0920 /* Release */ = {
			isa = XCBuildConfiguration;
			buildSettings = {
				ALWAYS_SEARCH_USER_PATHS = NO;
				CLANG_ANALYZER_NONNULL = YES;
				CLANG_ANALYZER_NUMBER_OBJECT_CONVERSION = YES_AGGRESSIVE;
				CLANG_CXX_LANGUAGE_STANDARD = "gnu++20";
				CLANG_ENABLE_MODULES = YES;
				CLANG_ENABLE_OBJC_ARC = YES;
				CLANG_ENABLE_OBJC_WEAK = YES;
				CLANG_WARN_BLOCK_CAPTURE_AUTORELEASING = YES;
				CLANG_WARN_BOOL_CONVERSION = YES;
				CLANG_WARN_COMMA = YES;
				CLANG_WARN_CONSTANT_CONVERSION = YES;
				CLANG_WARN_DEPRECATED_OBJC_IMPLEMENTATIONS = YES;
				CLANG_WARN_DIRECT_OBJC_ISA_USAGE = YES_ERROR;
				CLANG_WARN_DOCUMENTATION_COMMENTS = YES;
				CLANG_WARN_EMPTY_BODY = YES;
				CLANG_WARN_ENUM_CONVERSION = YES;
				CLANG_WARN_INFINITE_RECURSION = YES;
				CLANG_WARN_INT_CONVERSION = YES;
				CLANG_WARN_NON_LITERAL_NULL_CONVERSION = YES;
				CLANG_WARN_OBJC_IMPLICIT_RETAIN_SELF = YES;
				CLANG_WARN_OBJC_LITERAL_CONVERSION = YES;
				CLANG_WARN_OBJC_ROOT_CLASS = YES_ERROR;
				CLANG_WARN_QUOTED_INCLUDE_IN_FRAMEWORK_HEADER = YES;
				CLANG_WARN_RANGE_LOOP_ANALYSIS = YES;
				CLANG_WARN_STRICT_PROTOTYPES = YES;
				CLANG_WARN_SUSPICIOUS_MOVE = YES;
				CLANG_WARN_UNGUARDED_AVAILABILITY = YES_AGGRESSIVE;
				CLANG_WARN_UNREACHABLE_CODE = YES;
				CLANG_WARN__DUPLICATE_METHOD_MATCH = YES;
				COPY_PHASE_STRIP = NO;
				DEBUG_INFORMATION_FORMAT = "dwarf-with-dsym";
				ENABLE_NS_ASSERTIONS = NO;
				ENABLE_STRICT_OBJC_MSGSEND = YES;
				GCC_C_LANGUAGE_STANDARD = gnu11;
				GCC_NO_COMMON_BLOCKS = YES;
				GCC_WARN_64_TO_32_BIT_CONVERSION = YES;
				GCC_WARN_ABOUT_RETURN_TYPE = YES_ERROR;
				GCC_WARN_UNDECLARED_SELECTOR = YES;
				GCC_WARN_UNINITIALIZED_AUTOS = YES_AGGRESSIVE;
				GCC_WARN_UNUSED_FUNCTION = YES;
				GCC_WARN_UNUSED_VARIABLE = YES;
				IPHONEOS_DEPLOYMENT_TARGET = 16.0;
				MTL_ENABLE_DEBUG_INFO = NO;
				MTL_FAST_MATH = YES;
				SDKROOT = iphoneos;
				SWIFT_COMPILATION_MODE = wholemodule;
				SWIFT_OPTIMIZATION_LEVEL = "-O";
				VALIDATE_PRODUCT = YES;
			};
			name = Release;
		};
		0A412090290CABF900DC0920 /* Debug */ = {
			isa = XCBuildConfiguration;
			buildSettings = {
				ASSETCATALOG_COMPILER_APPICON_NAME = AppIcon;
				ASSETCATALOG_COMPILER_GLOBAL_ACCENT_COLOR_NAME = AccentColor;
				CODE_SIGN_STYLE = Automatic;
				CURRENT_PROJECT_VERSION = 1;
				DEVELOPMENT_ASSET_PATHS = "\"TaskManager/Preview Content\"";
				DEVELOPMENT_TEAM = 34SV2497XG;
				ENABLE_PREVIEWS = YES;
				GENERATE_INFOPLIST_FILE = YES;
				INFOPLIST_KEY_UIApplicationSceneManifest_Generation = YES;
				INFOPLIST_KEY_UIApplicationSupportsIndirectInputEvents = YES;
				INFOPLIST_KEY_UILaunchScreen_Generation = YES;
				INFOPLIST_KEY_UISupportedInterfaceOrientations_iPad = "UIInterfaceOrientationPortrait UIInterfaceOrientationPortraitUpsideDown UIInterfaceOrientationLandscapeLeft UIInterfaceOrientationLandscapeRight";
				INFOPLIST_KEY_UISupportedInterfaceOrientations_iPhone = "UIInterfaceOrientationPortrait UIInterfaceOrientationLandscapeLeft UIInterfaceOrientationLandscapeRight";
				LD_RUNPATH_SEARCH_PATHS = (
					"$(inherited)",
					"@executable_path/Frameworks",
				);
				MARKETING_VERSION = 1.0;
				PRODUCT_BUNDLE_IDENTIFIER = "com.swift-cookbook.TaskManager";
				PRODUCT_NAME = "$(TARGET_NAME)";
				SWIFT_EMIT_LOC_STRINGS = YES;
				SWIFT_VERSION = 5.0;
				TARGETED_DEVICE_FAMILY = "1,2";
			};
			name = Debug;
		};
		0A412091290CABF900DC0920 /* Release */ = {
			isa = XCBuildConfiguration;
			buildSettings = {
				ASSETCATALOG_COMPILER_APPICON_NAME = AppIcon;
				ASSETCATALOG_COMPILER_GLOBAL_ACCENT_COLOR_NAME = AccentColor;
				CODE_SIGN_STYLE = Automatic;
				CURRENT_PROJECT_VERSION = 1;
				DEVELOPMENT_ASSET_PATHS = "\"TaskManager/Preview Content\"";
				DEVELOPMENT_TEAM = 34SV2497XG;
				ENABLE_PREVIEWS = YES;
				GENERATE_INFOPLIST_FILE = YES;
				INFOPLIST_KEY_UIApplicationSceneManifest_Generation = YES;
				INFOPLIST_KEY_UIApplicationSupportsIndirectInputEvents = YES;
				INFOPLIST_KEY_UILaunchScreen_Generation = YES;
				INFOPLIST_KEY_UISupportedInterfaceOrientations_iPad = "UIInterfaceOrientationPortrait UIInterfaceOrientationPortraitUpsideDown UIInterfaceOrientationLandscapeLeft UIInterfaceOrientationLandscapeRight";
				INFOPLIST_KEY_UISupportedInterfaceOrientations_iPhone = "UIInterfaceOrientationPortrait UIInterfaceOrientationLandscapeLeft UIInterfaceOrientationLandscapeRight";
				LD_RUNPATH_SEARCH_PATHS = (
					"$(inherited)",
					"@executable_path/Frameworks",
				);
				MARKETING_VERSION = 1.0;
				PRODUCT_BUNDLE_IDENTIFIER = "com.swift-cookbook.TaskManager";
				PRODUCT_NAME = "$(TARGET_NAME)";
				SWIFT_EMIT_LOC_STRINGS = YES;
				SWIFT_VERSION = 5.0;
				TARGETED_DEVICE_FAMILY = "1,2";
			};
			name = Release;
		};
		0A412093290CABF900DC0920 /* Debug */ = {
			isa = XCBuildConfiguration;
			buildSettings = {
				ALWAYS_EMBED_SWIFT_STANDARD_LIBRARIES = YES;
				BUNDLE_LOADER = "$(TEST_HOST)";
				CODE_SIGN_STYLE = Automatic;
				CURRENT_PROJECT_VERSION = 1;
				DEVELOPMENT_TEAM = 34SV2497XG;
				GENERATE_INFOPLIST_FILE = YES;
				IPHONEOS_DEPLOYMENT_TARGET = 16.0;
				MARKETING_VERSION = 1.0;
				PRODUCT_BUNDLE_IDENTIFIER = "com.swift-cookbook.TaskManagerTests";
				PRODUCT_NAME = "$(TARGET_NAME)";
				SWIFT_EMIT_LOC_STRINGS = NO;
				SWIFT_VERSION = 5.0;
				TARGETED_DEVICE_FAMILY = "1,2";
				TEST_HOST = "$(BUILT_PRODUCTS_DIR)/TaskManager.app/$(BUNDLE_EXECUTABLE_FOLDER_PATH)/TaskManager";
			};
			name = Debug;
		};
		0A412094290CABF900DC0920 /* Release */ = {
			isa = XCBuildConfiguration;
			buildSettings = {
				ALWAYS_EMBED_SWIFT_STANDARD_LIBRARIES = YES;
				BUNDLE_LOADER = "$(TEST_HOST)";
				CODE_SIGN_STYLE = Automatic;
				CURRENT_PROJECT_VERSION = 1;
				DEVELOPMENT_TEAM = 34SV2497XG;
				GENERATE_INFOPLIST_FILE = YES;
				IPHONEOS_DEPLOYMENT_TARGET = 16.0;
				MARKETING_VERSION = 1.0;
				PRODUCT_BUNDLE_IDENTIFIER = "com.swift-cookbook.TaskManagerTests";
				PRODUCT_NAME = "$(TARGET_NAME)";
				SWIFT_EMIT_LOC_STRINGS = NO;
				SWIFT_VERSION = 5.0;
				TARGETED_DEVICE_FAMILY = "1,2";
				TEST_HOST = "$(BUILT_PRODUCTS_DIR)/TaskManager.app/$(BUNDLE_EXECUTABLE_FOLDER_PATH)/TaskManager";
			};
			name = Release;
		};
		0A412096290CABF900DC0920 /* Debug */ = {
			isa = XCBuildConfiguration;
			buildSettings = {
				ALWAYS_EMBED_SWIFT_STANDARD_LIBRARIES = YES;
				CODE_SIGN_STYLE = Automatic;
				CURRENT_PROJECT_VERSION = 1;
				DEVELOPMENT_TEAM = 34SV2497XG;
				GENERATE_INFOPLIST_FILE = YES;
				MARKETING_VERSION = 1.0;
				PRODUCT_BUNDLE_IDENTIFIER = "com.swift-cookbook.TaskManagerUITests";
				PRODUCT_NAME = "$(TARGET_NAME)";
				SWIFT_EMIT_LOC_STRINGS = NO;
				SWIFT_VERSION = 5.0;
				TARGETED_DEVICE_FAMILY = "1,2";
				TEST_TARGET_NAME = TaskManager;
			};
			name = Debug;
		};
		0A412097290CABF900DC0920 /* Release */ = {
			isa = XCBuildConfiguration;
			buildSettings = {
				ALWAYS_EMBED_SWIFT_STANDARD_LIBRARIES = YES;
				CODE_SIGN_STYLE = Automatic;
				CURRENT_PROJECT_VERSION = 1;
				DEVELOPMENT_TEAM = 34SV2497XG;
				GENERATE_INFOPLIST_FILE = YES;
				MARKETING_VERSION = 1.0;
				PRODUCT_BUNDLE_IDENTIFIER = "com.swift-cookbook.TaskManagerUITests";
				PRODUCT_NAME = "$(TARGET_NAME)";
				SWIFT_EMIT_LOC_STRINGS = NO;
				SWIFT_VERSION = 5.0;
				TARGETED_DEVICE_FAMILY = "1,2";
				TEST_TARGET_NAME = TaskManager;
			};
			name = Release;
		};
/* End XCBuildConfiguration section */

/* Begin XCConfigurationList section */
		0A412066290CABF700DC0920 /* Build configuration list for PBXProject "TaskManager" */ = {
			isa = XCConfigurationList;
			buildConfigurations = (
				0A41208D290CABF900DC0920 /* Debug */,
				0A41208E290CABF900DC0920 /* Release */,
			);
			defaultConfigurationIsVisible = 0;
			defaultConfigurationName = Release;
		};
		0A41208F290CABF900DC0920 /* Build configuration list for PBXNativeTarget "TaskManager" */ = {
			isa = XCConfigurationList;
			buildConfigurations = (
				0A412090290CABF900DC0920 /* Debug */,
				0A412091290CABF900DC0920 /* Release */,
			);
			defaultConfigurationIsVisible = 0;
			defaultConfigurationName = Release;
		};
		0A412092290CABF900DC0920 /* Build configuration list for PBXNativeTarget "TaskManagerTests" */ = {
			isa = XCConfigurationList;
			buildConfigurations = (
				0A412093290CABF900DC0920 /* Debug */,
				0A412094290CABF900DC0920 /* Release */,
			);
			defaultConfigurationIsVisible = 0;
			defaultConfigurationName = Release;
		};
		0A412095290CABF900DC0920 /* Build configuration list for PBXNativeTarget "TaskManagerUITests" */ = {
			isa = XCConfigurationList;
			buildConfigurations = (
				0A412096290CABF900DC0920 /* Debug */,
				0A412097290CABF900DC0920 /* Release */,
			);
			defaultConfigurationIsVisible = 0;
			defaultConfigurationName = Release;
		};
/* End XCConfigurationList section */
	};
	rootObject = 0A412063290CABF700DC0920 /* Project object */;
}
